{
  "name": "getusermedia-async",
  "version": "1.0.0",
  "lockfileVersion": 1,
  "requires": true,
  "dependencies": {
    "getusermedia": {
      "version": "2.0.1",
      "resolved": "https://registry.npmjs.org/getusermedia/-/getusermedia-2.0.1.tgz",
      "integrity": "sha1-+Br5eVvFk0ZJgT99CS3WUDCzRlU=",
      "requires": {
        "webrtc-adapter": "2.1.0"
      }
    },
    "sdp": {
      "version": "1.5.4",
      "resolved": "https://registry.npmjs.org/sdp/-/sdp-1.5.4.tgz",
      "integrity": "sha1-jgOPbdsUvXZa4fS1IW4SCUUR4NA="
    },
    "webrtc-adapter": {
      "version": "2.1.0",
      "resolved": "https://registry.npmjs.org/webrtc-adapter/-/webrtc-adapter-2.1.0.tgz",
      "integrity": "sha1-YStbxs6Oc8nQZgA4oh+SVahnvz4=",
      "requires": {
        "sdp": "1.5.4"
      }
    }
  }
}
